
Microsoft Visual Studio Solution File, Format Version 12.00
# Visual Studio Version 17
VisualStudioVersion = 17.4.33122.133
MinimumVisualStudioVersion = 10.0.40219.1
Project("{FAE04EC0-301F-11D3-BF4B-00C04F79EFBC}") = "Chess", "Chess\Chess.csproj", "{42200C4F-C2E5-437F-8957-D1FE84143041}"
EndProject
Project("{2150E333-8FDC-42A3-9474-1A3956D46DE8}") = "Éléments de solution", "Éléments de solution", "{E08BB4DC-A7E9-45A1-8F3D-3F12E214A3A6}"
EndProject
Global
	GlobalSection(SolutionConfigurationPlatforms) = preSolution
		Debug|Any CPU = Debug|Any CPU
		Release|Any CPU = Release|Any CPU
	EndGlobalSection
	GlobalSection(ProjectConfigurationPlatforms) = postSolution
		{42200C4F-C2E5-437F-8957-D1FE84143041}.Debug|Any CPU.ActiveCfg = Debug|Any CPU
		{42200C4F-C2E5-437F-8957-D1FE84143041}.Debug|Any CPU.Build.0 = Debug|Any CPU
		{42200C4F-C2E5-437F-8957-D1FE84143041}.Release|Any CPU.ActiveCfg = Release|Any CPU
		{42200C4F-C2E5-437F-8957-D1FE84143041}.Release|Any CPU.Build.0 = Release|Any CPU
	EndGlobalSection
	GlobalSection(SolutionProperties) = preSolution
		HideSolutionNode = FALSE
	EndGlobalSection
	GlobalSection(ExtensibilityGlobals) = postSolution
		SolutionGuid = {03E6C00F-C64D-4679-8C72-9A92C33A6FD5}
	EndGlobalSection
EndGlobal
